# THIS IS AN AUTOGENERATED FILE. DO NOT EDIT THIS FILE DIRECTLY.
# yarn lockfile v1


"@esbuild/android-arm64@0.17.2":
  version "0.17.2"
  resolved "https://registry.yarnpkg.com/@esbuild/android-arm64/-/android-arm64-0.17.2.tgz#73aa058f1fdc43770afd9a7b39654ce7e1b2e774"
  integrity sha512-QSkmYISXr2uFoR+NdmmKyR5svYb0cXDCfzwNblLsrC8wTpx/I1L7u/zrjrf4aLoHoRTycZFIewJwBiUrO5DWtQ==

"@esbuild/android-arm@0.17.2":
  version "0.17.2"
  resolved "https://registry.yarnpkg.com/@esbuild/android-arm/-/android-arm-0.17.2.tgz#7cdb67672350177edbaa1de1bedd71b295989fab"
  integrity sha512-Art7v3xYfqH1gEMUSP0Nx67pNAlC/Y3qSg3mOw8Wg7MP9bJLXL0DrmJaV1Qz1o4FwagtvDgkVOeBDpZgxdj13Q==

"@esbuild/android-x64@0.17.2":
  version "0.17.2"
  resolved "https://registry.yarnpkg.com/@esbuild/android-x64/-/android-x64-0.17.2.tgz#58cb40ea9502a619551dab8145ec19de3192f3d8"
  integrity sha512-5VOaFBI0RK8jJVDHdeU1YJmpxXoOf1RPoiOBhk/Tvpulw7R1SwCsxHvC3eDQcoF0gV7YM4V2wJO0PR9tem6gCQ==

"@esbuild/darwin-arm64@0.17.2":
  version "0.17.2"
  resolved "https://registry.yarnpkg.com/@esbuild/darwin-arm64/-/darwin-arm64-0.17.2.tgz#d9d60f704e13611db85acf2cc1ce2ed34fe5e46a"
  integrity sha512-iQJu1Zn1Wi91D5x/sslEn/jwae1tgSAEHK0R/kYzIr5jO992IJwDDuWhSGll23jHt18RECxahhGG0BWY/bVUTw==

"@esbuild/darwin-x64@0.17.2":
  version "0.17.2"
  resolved "https://registry.yarnpkg.com/@esbuild/darwin-x64/-/darwin-x64-0.17.2.tgz#4ae5735e1cd09b584cff4b8066a246cc62b06c97"
  integrity sha512-j750nyrwoRZd3VnPo5sd12/5U27TxFGmvmoDv93G2jiaGJPYKJ/+5IfRAvHahGePTUIRPyOlE5YLFw9MlzuBnw==

"@esbuild/freebsd-arm64@0.17.2":
  version "0.17.2"
  resolved "https://registry.yarnpkg.com/@esbuild/freebsd-arm64/-/freebsd-arm64-0.17.2.tgz#0265bd51eb1951b27eb693fd4989a4154e32bd58"
  integrity sha512-ti7GU+/KUQQXEPmSUep7efZpA3KR2SkKsVuSL2FE7Yxka9apuqKfymAgQmVPMxstzAgCRBIu8uEu0KFmTfs3/Q==

"@esbuild/freebsd-x64@0.17.2":
  version "0.17.2"
  resolved "https://registry.yarnpkg.com/@esbuild/freebsd-x64/-/freebsd-x64-0.17.2.tgz#7b29d68def0ab7c5a21e3d8ec67a7a47db5f9993"
  integrity sha512-NgooSKWSnrNKRuiumY1dg7KAGpsyXIMcwyOXN9imnqe8VFjqqrEOMqZRik0C1wlfLjiSCuMsj+YUSmBMAJMt0A==

"@esbuild/linux-arm64@0.17.2":
  version "0.17.2"
  resolved "https://registry.yarnpkg.com/@esbuild/linux-arm64/-/linux-arm64-0.17.2.tgz#4ac9edc5011e0d5e3f8673c3c3b00dc5c9bf4459"
  integrity sha512-jcJ4cxwQyqEqgDwkqj7820nKx9cM5WBPCCU4oUXvTeG+DkkJE6/P75od0VPHmItFfEJu+/2vV85ebvFVomZcBg==

"@esbuild/linux-arm@0.17.2":
  version "0.17.2"
  resolved "https://registry.yarnpkg.com/@esbuild/linux-arm/-/linux-arm-0.17.2.tgz#5b3f46608b682e32255f6dce10ddcc150826df4d"
  integrity sha512-8dfrRTd39n+THdAetwQKNwK6zBPR5oPjMtgRNXvRq8gsn/J5o69zTaOWVi3QO09BljqdShxU2dxDA09lDhdIqQ==

"@esbuild/linux-ia32@0.17.2":
  version "0.17.2"
  resolved "https://registry.yarnpkg.com/@esbuild/linux-ia32/-/linux-ia32-0.17.2.tgz#21e123e2557236c847b38c2ea4dac3d8fbd1081c"
  integrity sha512-dXZ3m++zaRVD2fqOUPP8QTh1Lfg6WO6uZDo/QJ3KdfnIR7dDToDtaA12AgKYvCed9Nuzf/gpKs/7/f6I02b/sg==

"@esbuild/linux-loong64@0.17.2":
  version "0.17.2"
  resolved "https://registry.yarnpkg.com/@esbuild/linux-loong64/-/linux-loong64-0.17.2.tgz#05e2ca319a925de0a28fe2d8a31e158f8172dac9"
  integrity sha512-/vntXkzSe9TUp0Rh35Wgye1EOhDtmIMjwC4rtahHcALmDXL+iuQGvwGFvXrP+sBigia/ltLryMAvCiqGV6plqw==

"@esbuild/linux-mips64el@0.17.2":
  version "0.17.2"
  resolved "https://registry.yarnpkg.com/@esbuild/linux-mips64el/-/linux-mips64el-0.17.2.tgz#98f0e25b86153d725d4379bc267a2cd4c9bcdd24"
  integrity sha512-guYcNHjMRO1BMxWAeb8LDfgQaU8oeUO65xtlclwBD+hX3163KBifEHyao1hK96J10BP9n0UmZug6GhtGZaNm2Q==

"@esbuild/linux-ppc64@0.17.2":
  version "0.17.2"
  resolved "https://registry.yarnpkg.com/@esbuild/linux-ppc64/-/linux-ppc64-0.17.2.tgz#45252f5343c5178dae93f8f7fc97aa4304cc5cca"
  integrity sha512-fzHTnIGIVqgUGZcFnnisguKD4UneF4uwWwkG+i8kBspMDdU1wJ0jha1VdtxWP7Ob1KGxuXcoUlrQkCVO+Z5iOw==

"@esbuild/linux-riscv64@0.17.2":
  version "0.17.2"
  resolved "https://registry.yarnpkg.com/@esbuild/linux-riscv64/-/linux-riscv64-0.17.2.tgz#6c4446ad19a4d8b070ea0ddf124b6ea53750d5e2"
  integrity sha512-Sa+z7csvNVeAsTD83tVSggOb8CAU7EdDuihC8WhtoJfuDVkF5+Vi0imaiCjXQ7Ci5rz/a8IJ1H1MWX3eI9AmuQ==

"@esbuild/linux-s390x@0.17.2":
  version "0.17.2"
  resolved "https://registry.yarnpkg.com/@esbuild/linux-s390x/-/linux-s390x-0.17.2.tgz#5c03feb73b0c3fa80834eb150cd9c14206681b4e"
  integrity sha512-jUFCO+/VA1Y/oeauSNBubp2UtGu4xjBUEFVgMPm0qLuw6xw18yOagKwBOPVmyE3ZSFqGd9BAPZM/JrtadgBryA==

"@esbuild/linux-x64@0.17.2":
  version "0.17.2"
  resolved "https://registry.yarnpkg.com/@esbuild/linux-x64/-/linux-x64-0.17.2.tgz#60405f2a40fb792557293a11ba0c380cfe744fcc"
  integrity sha512-naygxkSmr6x9tuvpa8iGefnXo3Rc3Noz7c4+Dn0MSfSWJwLaN2YR686e7HkI09irfjDdU5UAq9wcxUwjkYQNUA==

"@esbuild/netbsd-x64@0.17.2":
  version "0.17.2"
  resolved "https://registry.yarnpkg.com/@esbuild/netbsd-x64/-/netbsd-x64-0.17.2.tgz#be8afb6d91827ecb8a8f42a43c63b528bbdd9c53"
  integrity sha512-Hagbdq4EpiG9XXJY6Ozfrl2RN5jkXZXd6BD39f43tWz0d8yyOrRZlofM1eA6JYQbdv6c8BUsUOcgopavIqwx4Q==

"@esbuild/openbsd-x64@0.17.2":
  version "0.17.2"
  resolved "https://registry.yarnpkg.com/@esbuild/openbsd-x64/-/openbsd-x64-0.17.2.tgz#18e9f4c8284ade701039df1de246a35161dd382e"
  integrity sha512-Pkby+VEXY7+aWP8J2RUCfqWbbZz2M1GavRGGnE2kEPzwarba/BOk3B45PSaKwc3iKdK2rgCPCTjC/p9JoKNejA==

"@esbuild/sunos-x64@0.17.2":
  version "0.17.2"
  resolved "https://registry.yarnpkg.com/@esbuild/sunos-x64/-/sunos-x64-0.17.2.tgz#c45c5b6fa406af451e3ebe2ba610bfaad106d20b"
  integrity sha512-WAyg4dBTUsAPJ9cRnuQ23cwJWYRhP4e4y0M/l2+EpRjWW+g1MNAXKQQNNhRQ71zc8UixRVrqj+43ReHeZC8mJQ==

"@esbuild/win32-arm64@0.17.2":
  version "0.17.2"
  resolved "https://registry.yarnpkg.com/@esbuild/win32-arm64/-/win32-arm64-0.17.2.tgz#6b6d31077cba24bd8bc9e173b9ae052b0bef5b0c"
  integrity sha512-rMbO3gPpxuENd+AnZLgo4J/g+BkwxT3NK7nYpSZ0KlYtSdlxYMIMG5pznX7a1ISZKo67aGStne+K41jdkBywpA==

"@esbuild/win32-ia32@0.17.2":
  version "0.17.2"
  resolved "https://registry.yarnpkg.com/@esbuild/win32-ia32/-/win32-ia32-0.17.2.tgz#88bb3a510006114d8291506b6ec9ff93f66d0d5c"
  integrity sha512-73dWKDMhFk+4owS19OjEVbEDGFPRS1fyga3qOu5HPd5eTxJTjtlVTT/fG/S7AchA0vXS7hOqY70AAir1CkmICg==

"@esbuild/win32-x64@0.17.2":
  version "0.17.2"
  resolved "https://registry.yarnpkg.com/@esbuild/win32-x64/-/win32-x64-0.17.2.tgz#a7ce1ae475e14febb80e2690430e399491206a61"
  integrity sha512-QFJlhf73HCBjTqAWWSIlD8JQBtmue0Dd6UV+KGccycJ3HKj1dCkXdRKJGwc5bZWiI9hrxcWsVEa1kVFaltC4vQ==

esbuild@^0.17.2:
  version "0.17.2"
  resolved "https://registry.yarnpkg.com/esbuild/-/esbuild-0.17.2.tgz#c37ee608434be1c0e79f872c8bd484fb46af59df"
  integrity sha512-odaHSgtYafOXt2nSISwdWlfRkb4ceMX3akY1mWspQpT08jsqVYEK1XtVusr250Rmbx8AVNWjMPI/yyvKqxOKMw==
  optionalDependencies:
    "@esbuild/android-arm" "0.17.2"
    "@esbuild/android-arm64" "0.17.2"
    "@esbuild/android-x64" "0.17.2"
    "@esbuild/darwin-arm64" "0.17.2"
    "@esbuild/darwin-x64" "0.17.2"
    "@esbuild/freebsd-arm64" "0.17.2"
    "@esbuild/freebsd-x64" "0.17.2"
    "@esbuild/linux-arm" "0.17.2"
    "@esbuild/linux-arm64" "0.17.2"
    "@esbuild/linux-ia32" "0.17.2"
    "@esbuild/linux-loong64" "0.17.2"
    "@esbuild/linux-mips64el" "0.17.2"
    "@esbuild/linux-ppc64" "0.17.2"
    "@esbuild/linux-riscv64" "0.17.2"
    "@esbuild/linux-s390x" "0.17.2"
    "@esbuild/linux-x64" "0.17.2"
    "@esbuild/netbsd-x64" "0.17.2"
    "@esbuild/openbsd-x64" "0.17.2"
    "@esbuild/sunos-x64" "0.17.2"
    "@esbuild/win32-arm64" "0.17.2"
    "@esbuild/win32-ia32" "0.17.2"
    "@esbuild/win32-x64" "0.17.2"

purecss@^3.0.0:
  version "3.0.0"
  resolved "https://registry.yarnpkg.com/purecss/-/purecss-3.0.0.tgz#899ffd6859bf18272caa3469bb67206c11be961c"
  integrity sha512-IdYbGwbmuA7Hy9ACIO1q7ks4xGLcJSVHxJT2BXIz2c4Ve1aSrNU5bAzA1ILT4Gmdy5K59ruWoRPf9WvJZU5fbA==
